
Microsoft Visual Studio Solution File, Format Version 12.00
# Visual Studio Version 17
VisualStudioVersion = 17.1.32210.238
MinimumVisualStudioVersion = 10.0.40219.1
Project("{9A19103F-16F7-4668-BE54-9A1E7A4F7556}") = "Temporal.Sdk.Worker", "Host-SDK\Temporal.Sdk.Worker.csproj", "{331E77FF-EBE4-4DA5-B7B9-7939CB1F8569}"
EndProject
Project("{9A19103F-16F7-4668-BE54-9A1E7A4F7556}") = "Temporal.Sdk.WorkflowClient", "Client-SDK\Temporal.Sdk.WorkflowClient.csproj", "{F73742C0-C862-432F-AA34-69A8F884F029}"
EndProject
Project("{9A19103F-16F7-4668-BE54-9A1E7A4F7556}") = "Temporal.Sdk.BasicSamples", "Samples\Basic\Temporal.Sdk.BasicSamples.csproj", "{FB381D8A-767E-4B2F-8812-BF89346E5CA5}"
EndProject
Project("{9A19103F-16F7-4668-BE54-9A1E7A4F7556}") = "Temporal.Sdk.Common", "Common\Temporal.Sdk.Common.csproj", "{AB295C4E-EAE0-4563-B608-C3783BCA1F00}"
EndProject
Project("{9A19103F-16F7-4668-BE54-9A1E7A4F7556}") = "ReflectionAnalysisPoC", "InternalAlgorithms\ReflectionAnalysisPoC\ReflectionAnalysisPoC.csproj", "{422C4007-0693-40CA-91DB-6CBBB7FD746C}"
EndProject
Project("{2150E333-8FDC-42A3-9474-1A3956D46DE8}") = "InternalAlgorithms", "InternalAlgorithms", "{8DD18538-75F1-4B23-A084-CE5F19964057}"
EndProject
Project("{9A19103F-16F7-4668-BE54-9A1E7A4F7556}") = "Temporal.Util", "Utilities\Temporal.Util.csproj", "{7FF3D386-CD67-4C3C-A62D-412C47C4F537}"
EndProject
Project("{9A19103F-16F7-4668-BE54-9A1E7A4F7556}") = "ControlTaskContinuationOrder", "InternalAlgorithms\ControlTaskContinuationOrder\ControlTaskContinuationOrder.csproj", "{C9EF371F-BFA2-4B3E-8377-77B4673AC8F5}"
EndProject
Project("{2150E333-8FDC-42A3-9474-1A3956D46DE8}") = "_Repo", "_Repo", "{C6AF3396-C4FD-4CB4-836E-4BFCBB18EAE3}"
EndProject
Project("{2150E333-8FDC-42A3-9474-1A3956D46DE8}") = "src", "src", "{56A27013-A5E4-4526-B5FB-433B7533E55C}"
	ProjectSection(SolutionItems) = preProject
		Directory.Build.props = Directory.Build.props
	EndProjectSection
EndProject
Project("{2150E333-8FDC-42A3-9474-1A3956D46DE8}") = "doc", "doc", "{E4E2565D-4449-4CD4-993A-193C006C3884}"
EndProject
Global
	GlobalSection(SolutionConfigurationPlatforms) = preSolution
		Debug|Any CPU = Debug|Any CPU
		Release|Any CPU = Release|Any CPU
	EndGlobalSection
	GlobalSection(ProjectConfigurationPlatforms) = postSolution
		{331E77FF-EBE4-4DA5-B7B9-7939CB1F8569}.Debug|Any CPU.ActiveCfg = Debug|Any CPU
		{331E77FF-EBE4-4DA5-B7B9-7939CB1F8569}.Debug|Any CPU.Build.0 = Debug|Any CPU
		{331E77FF-EBE4-4DA5-B7B9-7939CB1F8569}.Release|Any CPU.ActiveCfg = Release|Any CPU
		{331E77FF-EBE4-4DA5-B7B9-7939CB1F8569}.Release|Any CPU.Build.0 = Release|Any CPU
		{F73742C0-C862-432F-AA34-69A8F884F029}.Debug|Any CPU.ActiveCfg = Debug|Any CPU
		{F73742C0-C862-432F-AA34-69A8F884F029}.Debug|Any CPU.Build.0 = Debug|Any CPU
		{F73742C0-C862-432F-AA34-69A8F884F029}.Release|Any CPU.ActiveCfg = Release|Any CPU
		{F73742C0-C862-432F-AA34-69A8F884F029}.Release|Any CPU.Build.0 = Release|Any CPU
		{FB381D8A-767E-4B2F-8812-BF89346E5CA5}.Debug|Any CPU.ActiveCfg = Debug|Any CPU
		{FB381D8A-767E-4B2F-8812-BF89346E5CA5}.Debug|Any CPU.Build.0 = Debug|Any CPU
		{FB381D8A-767E-4B2F-8812-BF89346E5CA5}.Release|Any CPU.ActiveCfg = Release|Any CPU
		{FB381D8A-767E-4B2F-8812-BF89346E5CA5}.Release|Any CPU.Build.0 = Release|Any CPU
		{AB295C4E-EAE0-4563-B608-C3783BCA1F00}.Debug|Any CPU.ActiveCfg = Debug|Any CPU
		{AB295C4E-EAE0-4563-B608-C3783BCA1F00}.Debug|Any CPU.Build.0 = Debug|Any CPU
		{AB295C4E-EAE0-4563-B608-C3783BCA1F00}.Release|Any CPU.ActiveCfg = Release|Any CPU
		{AB295C4E-EAE0-4563-B608-C3783BCA1F00}.Release|Any CPU.Build.0 = Release|Any CPU
		{422C4007-0693-40CA-91DB-6CBBB7FD746C}.Debug|Any CPU.ActiveCfg = Debug|Any CPU
		{422C4007-0693-40CA-91DB-6CBBB7FD746C}.Debug|Any CPU.Build.0 = Debug|Any CPU
		{422C4007-0693-40CA-91DB-6CBBB7FD746C}.Release|Any CPU.ActiveCfg = Release|Any CPU
		{422C4007-0693-40CA-91DB-6CBBB7FD746C}.Release|Any CPU.Build.0 = Release|Any CPU
		{7FF3D386-CD67-4C3C-A62D-412C47C4F537}.Debug|Any CPU.ActiveCfg = Debug|Any CPU
		{7FF3D386-CD67-4C3C-A62D-412C47C4F537}.Debug|Any CPU.Build.0 = Debug|Any CPU
		{7FF3D386-CD67-4C3C-A62D-412C47C4F537}.Release|Any CPU.ActiveCfg = Release|Any CPU
		{7FF3D386-CD67-4C3C-A62D-412C47C4F537}.Release|Any CPU.Build.0 = Release|Any CPU
		{C9EF371F-BFA2-4B3E-8377-77B4673AC8F5}.Debug|Any CPU.ActiveCfg = Debug|Any CPU
		{C9EF371F-BFA2-4B3E-8377-77B4673AC8F5}.Debug|Any CPU.Build.0 = Debug|Any CPU
		{C9EF371F-BFA2-4B3E-8377-77B4673AC8F5}.Release|Any CPU.ActiveCfg = Release|Any CPU
		{C9EF371F-BFA2-4B3E-8377-77B4673AC8F5}.Release|Any CPU.Build.0 = Release|Any CPU
	EndGlobalSection
	GlobalSection(SolutionProperties) = preSolution
		HideSolutionNode = FALSE
	EndGlobalSection
	GlobalSection(NestedProjects) = preSolution
		{422C4007-0693-40CA-91DB-6CBBB7FD746C} = {8DD18538-75F1-4B23-A084-CE5F19964057}
		{C9EF371F-BFA2-4B3E-8377-77B4673AC8F5} = {8DD18538-75F1-4B23-A084-CE5F19964057}
		{56A27013-A5E4-4526-B5FB-433B7533E55C} = {C6AF3396-C4FD-4CB4-836E-4BFCBB18EAE3}
		{E4E2565D-4449-4CD4-993A-193C006C3884} = {C6AF3396-C4FD-4CB4-836E-4BFCBB18EAE3}
	EndGlobalSection
	GlobalSection(ExtensibilityGlobals) = postSolution
		SolutionGuid = {55779F94-BE5C-4A79-9C28-202FFEAAAEF5}
	EndGlobalSection
EndGlobal
